
Microsoft Visual Studio Solution File, Format Version 12.00
# Visual Studio Version 17
VisualStudioVersion = 17.7.34221.43
MinimumVisualStudioVersion = 10.0.40219.1
Project("{FAE04EC0-301F-11D3-BF4B-00C04F79EFBC}") = "dislite.runtime", "dislite.runtime\dislite.runtime.csproj", "{6CDEAA86-F96C-4B62-B279-E76E1831E9CF}"
EndProject
Global
	GlobalSection(SolutionConfigurationPlatforms) = preSolution
		Debug|Any CPU = Debug|Any CPU
		Release|Any CPU = Release|Any CPU
	EndGlobalSection
	GlobalSection(ProjectConfigurationPlatforms) = postSolution
		{6CDEAA86-F96C-4B62-B279-E76E1831E9CF}.Debug|Any CPU.ActiveCfg = Debug|Any CPU
		{6CDEAA86-F96C-4B62-B279-E76E1831E9CF}.Debug|Any CPU.Build.0 = Debug|Any CPU
		{6CDEAA86-F96C-4B62-B279-E76E1831E9CF}.Release|Any CPU.ActiveCfg = Release|Any CPU
		{6CDEAA86-F96C-4B62-B279-E76E1831E9CF}.Release|Any CPU.Build.0 = Release|Any CPU
	EndGlobalSection
	GlobalSection(SolutionProperties) = preSolution
		HideSolutionNode = FALSE
	EndGlobalSection
	GlobalSection(ExtensibilityGlobals) = postSolution
		SolutionGuid = {20D55E49-860F-4BBD-B4D8-EDDD326D5DFE}
	EndGlobalSection
EndGlobal
